
Microsoft Visual Studio Solution File, Format Version 12.00
# Visual Studio Version 17
VisualStudioVersion = 17.3.32901.215
MinimumVisualStudioVersion = 10.0.40219.1
Project("{FAE04EC0-301F-11D3-BF4B-00C04F79EFBC}") = "WebApplication2", "WebApplication2\WebApplication2.csproj", "{0512FB66-F300-449F-A16F-CF3F8C04B4F1}"
EndProject
Global
	GlobalSection(SolutionConfigurationPlatforms) = preSolution
		Debug|Any CPU = Debug|Any CPU
		Release|Any CPU = Release|Any CPU
	EndGlobalSection
	GlobalSection(ProjectConfigurationPlatforms) = postSolution
		{0512FB66-F300-449F-A16F-CF3F8C04B4F1}.Debug|Any CPU.ActiveCfg = Debug|Any CPU
		{0512FB66-F300-449F-A16F-CF3F8C04B4F1}.Debug|Any CPU.Build.0 = Debug|Any CPU
		{0512FB66-F300-449F-A16F-CF3F8C04B4F1}.Release|Any CPU.ActiveCfg = Release|Any CPU
		{0512FB66-F300-449F-A16F-CF3F8C04B4F1}.Release|Any CPU.Build.0 = Release|Any CPU
	EndGlobalSection
	GlobalSection(SolutionProperties) = preSolution
		HideSolutionNode = FALSE
	EndGlobalSection
	GlobalSection(ExtensibilityGlobals) = postSolution
		SolutionGuid = {1D041966-DF8E-4A85-AC6C-4D7179470B53}
	EndGlobalSection
EndGlobal
